
Microsoft Visual Studio Solution File, Format Version 12.00
# Visual Studio Version 17
VisualStudioVersion = 17.5.33424.131
MinimumVisualStudioVersion = 10.0.40219.1
Project("{9A19103F-16F7-4668-BE54-9A1E7A4F7556}") = "InlamningsUppgiftFixxo", "InlamningsUppgiftFixxo.csproj", "{5A600C9A-EDCE-4015-9AE5-221A299E6E65}"
EndProject
Project("{9A19103F-16F7-4668-BE54-9A1E7A4F7556}") = "API", "..\API\API.csproj", "{28213F39-7AF0-4528-B743-3F2E9FD17ADB}"
EndProject
Global
	GlobalSection(SolutionConfigurationPlatforms) = preSolution
		Debug|Any CPU = Debug|Any CPU
		Release|Any CPU = Release|Any CPU
	EndGlobalSection
	GlobalSection(ProjectConfigurationPlatforms) = postSolution
		{5A600C9A-EDCE-4015-9AE5-221A299E6E65}.Debug|Any CPU.ActiveCfg = Debug|Any CPU
		{5A600C9A-EDCE-4015-9AE5-221A299E6E65}.Debug|Any CPU.Build.0 = Debug|Any CPU
		{5A600C9A-EDCE-4015-9AE5-221A299E6E65}.Release|Any CPU.ActiveCfg = Release|Any CPU
		{5A600C9A-EDCE-4015-9AE5-221A299E6E65}.Release|Any CPU.Build.0 = Release|Any CPU
		{28213F39-7AF0-4528-B743-3F2E9FD17ADB}.Debug|Any CPU.ActiveCfg = Debug|Any CPU
		{28213F39-7AF0-4528-B743-3F2E9FD17ADB}.Debug|Any CPU.Build.0 = Debug|Any CPU
		{28213F39-7AF0-4528-B743-3F2E9FD17ADB}.Release|Any CPU.ActiveCfg = Release|Any CPU
		{28213F39-7AF0-4528-B743-3F2E9FD17ADB}.Release|Any CPU.Build.0 = Release|Any CPU
	EndGlobalSection
	GlobalSection(SolutionProperties) = preSolution
		HideSolutionNode = FALSE
	EndGlobalSection
	GlobalSection(ExtensibilityGlobals) = postSolution
		SolutionGuid = {030A2A5A-3C5D-4921-BB39-76892CC421F7}
	EndGlobalSection
EndGlobal
